
Microsoft Visual Studio Solution File, Format Version 12.00
# Visual Studio 14
VisualStudioVersion = 14.0.25420.1
MinimumVisualStudioVersion = 10.0.40219.1
Project("{2150E333-8FDC-42A3-9474-1A3956D46DE8}") = "src", "src", "{933C87DA-F057-45AA-829C-06CA9E69BBD0}"
EndProject
Project("{2150E333-8FDC-42A3-9474-1A3956D46DE8}") = "Solution Items", "Solution Items", "{4E6E7345-6E00-48C3-A75F-351001BFF662}"
	ProjectSection(SolutionItems) = preProject
		global.json = global.json
	EndProjectSection
EndProject
Project("{8BB2217D-0F2D-49D1-97BC-3654ED321F3B}") = "AliMine", "src\AliMine\AliMine.xproj", "{0A6DCDF9-00AB-43E5-90F6-4C430DBCCB42}"
EndProject
Global
	GlobalSection(SolutionConfigurationPlatforms) = preSolution
		Debug|Any CPU = Debug|Any CPU
		Release|Any CPU = Release|Any CPU
	EndGlobalSection
	GlobalSection(ProjectConfigurationPlatforms) = postSolution
		{0A6DCDF9-00AB-43E5-90F6-4C430DBCCB42}.Debug|Any CPU.ActiveCfg = Debug|Any CPU
		{0A6DCDF9-00AB-43E5-90F6-4C430DBCCB42}.Debug|Any CPU.Build.0 = Debug|Any CPU
		{0A6DCDF9-00AB-43E5-90F6-4C430DBCCB42}.Release|Any CPU.ActiveCfg = Release|Any CPU
		{0A6DCDF9-00AB-43E5-90F6-4C430DBCCB42}.Release|Any CPU.Build.0 = Release|Any CPU
	EndGlobalSection
	GlobalSection(SolutionProperties) = preSolution
		HideSolutionNode = FALSE
	EndGlobalSection
	GlobalSection(NestedProjects) = preSolution
		{0A6DCDF9-00AB-43E5-90F6-4C430DBCCB42} = {933C87DA-F057-45AA-829C-06CA9E69BBD0}
	EndGlobalSection
EndGlobal
